
Microsoft Visual Studio Solution File, Format Version 12.00
# Visual Studio Version 17
VisualStudioVersion = 17.3.32929.385
MinimumVisualStudioVersion = 10.0.40219.1
Project("{FAE04EC0-301F-11D3-BF4B-00C04F79EFBC}") = "Qinchili.API", "Qinchili.API\Qinchili.API.csproj", "{CBC4C915-CA3C-4757-9F8B-44767AD22A86}"
EndProject
Project("{FAE04EC0-301F-11D3-BF4B-00C04F79EFBC}") = "Qinchili.Db", "Qinchili.Db\Qinchili.Db.csproj", "{7E0A7DBA-75DB-406E-A114-FCCF27C236EC}"
EndProject
Project("{FAE04EC0-301F-11D3-BF4B-00C04F79EFBC}") = "Qinchili.Domain", "Qinchili.Model\Qinchili.Domain.csproj", "{4358F8A5-F938-47E7-B517-27D5ABA3EACC}"
EndProject
Project("{FAE04EC0-301F-11D3-BF4B-00C04F79EFBC}") = "Modules", "Modules\Modules.csproj", "{CBE5756D-328E-4012-9C45-9FA706F5ED14}"
EndProject
Global
	GlobalSection(SolutionConfigurationPlatforms) = preSolution
		Debug|Any CPU = Debug|Any CPU
		Release|Any CPU = Release|Any CPU
	EndGlobalSection
	GlobalSection(ProjectConfigurationPlatforms) = postSolution
		{CBC4C915-CA3C-4757-9F8B-44767AD22A86}.Debug|Any CPU.ActiveCfg = Debug|Any CPU
		{CBC4C915-CA3C-4757-9F8B-44767AD22A86}.Debug|Any CPU.Build.0 = Debug|Any CPU
		{CBC4C915-CA3C-4757-9F8B-44767AD22A86}.Release|Any CPU.ActiveCfg = Release|Any CPU
		{CBC4C915-CA3C-4757-9F8B-44767AD22A86}.Release|Any CPU.Build.0 = Release|Any CPU
		{7E0A7DBA-75DB-406E-A114-FCCF27C236EC}.Debug|Any CPU.ActiveCfg = Debug|Any CPU
		{7E0A7DBA-75DB-406E-A114-FCCF27C236EC}.Debug|Any CPU.Build.0 = Debug|Any CPU
		{7E0A7DBA-75DB-406E-A114-FCCF27C236EC}.Release|Any CPU.ActiveCfg = Release|Any CPU
		{7E0A7DBA-75DB-406E-A114-FCCF27C236EC}.Release|Any CPU.Build.0 = Release|Any CPU
		{4358F8A5-F938-47E7-B517-27D5ABA3EACC}.Debug|Any CPU.ActiveCfg = Debug|Any CPU
		{4358F8A5-F938-47E7-B517-27D5ABA3EACC}.Debug|Any CPU.Build.0 = Debug|Any CPU
		{4358F8A5-F938-47E7-B517-27D5ABA3EACC}.Release|Any CPU.ActiveCfg = Release|Any CPU
		{4358F8A5-F938-47E7-B517-27D5ABA3EACC}.Release|Any CPU.Build.0 = Release|Any CPU
		{CBE5756D-328E-4012-9C45-9FA706F5ED14}.Debug|Any CPU.ActiveCfg = Debug|Any CPU
		{CBE5756D-328E-4012-9C45-9FA706F5ED14}.Debug|Any CPU.Build.0 = Debug|Any CPU
		{CBE5756D-328E-4012-9C45-9FA706F5ED14}.Release|Any CPU.ActiveCfg = Release|Any CPU
		{CBE5756D-328E-4012-9C45-9FA706F5ED14}.Release|Any CPU.Build.0 = Release|Any CPU
	EndGlobalSection
	GlobalSection(SolutionProperties) = preSolution
		HideSolutionNode = FALSE
	EndGlobalSection
	GlobalSection(ExtensibilityGlobals) = postSolution
		SolutionGuid = {2694F67C-FB12-4E4C-AEDF-C0452E7D787B}
	EndGlobalSection
EndGlobal
